// !$*UTF8*$!
{
	archiveVersion = 1;
	classes = {
	};
	objectVersion = 77;
	objects = {

/* Begin PBXBuildFile section */
		CD39BEBC2E3AE7E50015930B /* SwiftUIFontIcon in Frameworks */ = {isa = PBXBuildFile; productRef = CD39BEBB2E3AE7E50015930B /* SwiftUIFontIcon */; };
		CD39BECE2E3C69740015930B /* BitCollections in Frameworks */ = {isa = PBXBuildFile; productRef = CD39BECD2E3C69740015930B /* BitCollections */; };
		CD39BED02E3C69740015930B /* Collections in Frameworks */ = {isa = PBXBuildFile; productRef = CD39BECF2E3C69740015930B /* Collections */; };
		CD39BED22E3C69740015930B /* DequeModule in Frameworks */ = {isa = PBXBuildFile; productRef = CD39BED12E3C69740015930B /* DequeModule */; };
		CD39BED42E3C69740015930B /* HashTreeCollections in Frameworks */ = {isa = PBXBuildFile; productRef = CD39BED32E3C69740015930B /* HashTreeCollections */; };
		CD39BED62E3C69740015930B /* HeapModule in Frameworks */ = {isa = PBXBuildFile; productRef = CD39BED52E3C69740015930B /* HeapModule */; };
		CD39BED82E3C69740015930B /* OrderedCollections in Frameworks */ = {isa = PBXBuildFile; productRef = CD39BED72E3C69740015930B /* OrderedCollections */; };
		CD39BEDA2E3C69740015930B /* _RopeModule in Frameworks */ = {isa = PBXBuildFile; productRef = CD39BED92E3C69740015930B /* _RopeModule */; };
		CD39BEDD2E3C6A8C0015930B /* SwiftUICharts in Frameworks */ = {isa = PBXBuildFile; productRef = CD39BEDC2E3C6A8C0015930B /* SwiftUICharts */; };
/* End PBXBuildFile section */

/* Begin PBXContainerItemProxy section */
		CD385E762DDB215100AF81E6 /* PBXContainerItemProxy */ = {
			isa = PBXContainerItemProxy;
			containerPortal = CD385E5D2DDB215000AF81E6 /* Project object */;
			proxyType = 1;
			remoteGlobalIDString = CD385E642DDB215000AF81E6;
			remoteInfo = BudgetBuddy;
		};
		CD385E802DDB215100AF81E6 /* PBXContainerItemProxy */ = {
			isa = PBXContainerItemProxy;
			containerPortal = CD385E5D2DDB215000AF81E6 /* Project object */;
			proxyType = 1;
			remoteGlobalIDString = CD385E642DDB215000AF81E6;
			remoteInfo = BudgetBuddy;
		};
/* End PBXContainerItemProxy section */

/* Begin PBXFileReference section */
		CD385E652DDB215000AF81E6 /* BudgetBuddy.app */ = {isa = PBXFileReference; explicitFileType = wrapper.application; includeInIndex = 0; path = BudgetBuddy.app; sourceTree = BUILT_PRODUCTS_DIR; };
		CD385E752DDB215100AF81E6 /* BudgetBuddyTests.xctest */ = {isa = PBXFileReference; explicitFileType = wrapper.cfbundle; includeInIndex = 0; path = BudgetBuddyTests.xctest; sourceTree = BUILT_PRODUCTS_DIR; };
		CD385E7F2DDB215100AF81E6 /* BudgetBuddyUITests.xctest */ = {isa = PBXFileReference; explicitFileType = wrapper.cfbundle; includeInIndex = 0; path = BudgetBuddyUITests.xctest; sourceTree = BUILT_PRODUCTS_DIR; };
/* End PBXFileReference section */

/* Begin PBXFileSystemSynchronizedRootGroup section */
		CD385E672DDB215000AF81E6 /* BudgetBuddy */ = {
			isa = PBXFileSystemSynchronizedRootGroup;
			path = BudgetBuddy;
			sourceTree = "<group>";
		};
		CD385E782DDB215100AF81E6 /* BudgetBuddyTests */ = {
			isa = PBXFileSystemSynchronizedRootGroup;
			path = BudgetBuddyTests;
			sourceTree = "<group>";
		};
		CD385E822DDB215100AF81E6 /* BudgetBuddyUITests */ = {
			isa = PBXFileSystemSynchronizedRootGroup;
			path = BudgetBuddyUITests;
			sourceTree = "<group>";
		};
/* End PBXFileSystemSynchronizedRootGroup section */

/* Begin PBXFrameworksBuildPhase section */
		CD385E622DDB215000AF81E6 /* Frameworks */ = {
			isa = PBXFrameworksBuildPhase;
			buildActionMask = 2147483647;
			files = (
				CD39BEDD2E3C6A8C0015930B /* SwiftUICharts in Frameworks */,
				CD39BED42E3C69740015930B /* HashTreeCollections in Frameworks */,
				CD39BED02E3C69740015930B /* Collections in Frameworks */,
				CD39BED22E3C69740015930B /* DequeModule in Frameworks */,
				CD39BECE2E3C69740015930B /* BitCollections in Frameworks */,
				CD39BED62E3C69740015930B /* HeapModule in Frameworks */,
				CD39BED82E3C69740015930B /* OrderedCollections in Frameworks */,
				CD39BEDA2E3C69740015930B /* _RopeModule in Frameworks */,
				CD39BEBC2E3AE7E50015930B /* SwiftUIFontIcon in Frameworks */,
			);
			runOnlyForDeploymentPostprocessing = 0;
		};
		CD385E722DDB215100AF81E6 /* Frameworks */ = {
			isa = PBXFrameworksBuildPhase;
			buildActionMask = 2147483647;
			files = (
			);
			runOnlyForDeploymentPostprocessing = 0;
		};
		CD385E7C2DDB215100AF81E6 /* Frameworks */ = {
			isa = PBXFrameworksBuildPhase;
			buildActionMask = 2147483647;
			files = (
			);
			runOnlyForDeploymentPostprocessing = 0;
		};
/* End PBXFrameworksBuildPhase section */

/* Begin PBXGroup section */
		CD385E5C2DDB215000AF81E6 = {
			isa = PBXGroup;
			children = (
				CD385E672DDB215000AF81E6 /* BudgetBuddy */,
				CD385E782DDB215100AF81E6 /* BudgetBuddyTests */,
				CD385E822DDB215100AF81E6 /* BudgetBuddyUITests */,
				CD385E662DDB215000AF81E6 /* Products */,
			);
			sourceTree = "<group>";
		};
		CD385E662DDB215000AF81E6 /* Products */ = {
			isa = PBXGroup;
			children = (
				CD385E652DDB215000AF81E6 /* BudgetBuddy.app */,
				CD385E752DDB215100AF81E6 /* BudgetBuddyTests.xctest */,
				CD385E7F2DDB215100AF81E6 /* BudgetBuddyUITests.xctest */,
			);
			name = Products;
			sourceTree = "<group>";
		};
/* End PBXGroup section */

/* Begin PBXNativeTarget section */
		CD385E642DDB215000AF81E6 /* BudgetBuddy */ = {
			isa = PBXNativeTarget;
			buildConfigurationList = CD385E892DDB215100AF81E6 /* Build configuration list for PBXNativeTarget "BudgetBuddy" */;
			buildPhases = (
				CD385E612DDB215000AF81E6 /* Sources */,
				CD385E622DDB215000AF81E6 /* Frameworks */,
				CD385E632DDB215000AF81E6 /* Resources */,
			);
			buildRules = (
			);
			dependencies = (
			);
			fileSystemSynchronizedGroups = (
				CD385E672DDB215000AF81E6 /* BudgetBuddy */,
			);
			name = BudgetBuddy;
			packageProductDependencies = (
				CD39BEBB2E3AE7E50015930B /* SwiftUIFontIcon */,
				CD39BECD2E3C69740015930B /* BitCollections */,
				CD39BECF2E3C69740015930B /* Collections */,
				CD39BED12E3C69740015930B /* DequeModule */,
				CD39BED32E3C69740015930B /* HashTreeCollections */,
				CD39BED52E3C69740015930B /* HeapModule */,
				CD39BED72E3C69740015930B /* OrderedCollections */,
				CD39BED92E3C69740015930B /* _RopeModule */,
				CD39BEDC2E3C6A8C0015930B /* SwiftUICharts */,
			);
			productName = BudgetBuddy;
			productReference = CD385E652DDB215000AF81E6 /* BudgetBuddy.app */;
			productType = "com.apple.product-type.application";
		};
		CD385E742DDB215100AF81E6 /* BudgetBuddyTests */ = {
			isa = PBXNativeTarget;
			buildConfigurationList = CD385E8C2DDB215100AF81E6 /* Build configuration list for PBXNativeTarget "BudgetBuddyTests" */;
			buildPhases = (
				CD385E712DDB215100AF81E6 /* Sources */,
				CD385E722DDB215100AF81E6 /* Frameworks */,
				CD385E732DDB215100AF81E6 /* Resources */,
			);
			buildRules = (
			);
			dependencies = (
				CD385E772DDB215100AF81E6 /* PBXTargetDependency */,
			);
			fileSystemSynchronizedGroups = (
				CD385E782DDB215100AF81E6 /* BudgetBuddyTests */,
			);
			name = BudgetBuddyTests;
			packageProductDependencies = (
			);
			productName = BudgetBuddyTests;
			productReference = CD385E752DDB215100AF81E6 /* BudgetBuddyTests.xctest */;
			productType = "com.apple.product-type.bundle.unit-test";
		};
		CD385E7E2DDB215100AF81E6 /* BudgetBuddyUITests */ = {
			isa = PBXNativeTarget;
			buildConfigurationList = CD385E8F2DDB215100AF81E6 /* Build configuration list for PBXNativeTarget "BudgetBuddyUITests" */;
			buildPhases = (
				CD385E7B2DDB215100AF81E6 /* Sources */,
				CD385E7C2DDB215100AF81E6 /* Frameworks */,
				CD385E7D2DDB215100AF81E6 /* Resources */,
			);
			buildRules = (
			);
			dependencies = (
				CD385E812DDB215100AF81E6 /* PBXTargetDependency */,
			);
			fileSystemSynchronizedGroups = (
				CD385E822DDB215100AF81E6 /* BudgetBuddyUITests */,
			);
			name = BudgetBuddyUITests;
			packageProductDependencies = (
			);
			productName = BudgetBuddyUITests;
			productReference = CD385E7F2DDB215100AF81E6 /* BudgetBuddyUITests.xctest */;
			productType = "com.apple.product-type.bundle.ui-testing";
		};
/* End PBXNativeTarget section */

/* Begin PBXProject section */
		CD385E5D2DDB215000AF81E6 /* Project object */ = {
			isa = PBXProject;
			attributes = {
				BuildIndependentTargetsInParallel = 1;
				LastSwiftUpdateCheck = 1620;
				LastUpgradeCheck = 1620;
				TargetAttributes = {
					CD385E642DDB215000AF81E6 = {
						CreatedOnToolsVersion = 16.2;
					};
					CD385E742DDB215100AF81E6 = {
						CreatedOnToolsVersion = 16.2;
						TestTargetID = CD385E642DDB215000AF81E6;
					};
					CD385E7E2DDB215100AF81E6 = {
						CreatedOnToolsVersion = 16.2;
						TestTargetID = CD385E642DDB215000AF81E6;
					};
				};
			};
			buildConfigurationList = CD385E602DDB215000AF81E6 /* Build configuration list for PBXProject "BudgetBuddy" */;
			developmentRegion = en;
			hasScannedForEncodings = 0;
			knownRegions = (
				en,
				Base,
			);
			mainGroup = CD385E5C2DDB215000AF81E6;
			minimizedProjectReferenceProxies = 1;
			packageReferences = (
				CD39BEBA2E3AE58D0015930B /* XCRemoteSwiftPackageReference "SwiftUIFontIcon" */,
				CD39BECC2E3C694F0015930B /* XCRemoteSwiftPackageReference "swift-collections" */,
				CD39BEDB2E3C6A8C0015930B /* XCRemoteSwiftPackageReference "ChartView" */,
			);
			preferredProjectObjectVersion = 77;
			productRefGroup = CD385E662DDB215000AF81E6 /* Products */;
			projectDirPath = "";
			projectRoot = "";
			targets = (
				CD385E642DDB215000AF81E6 /* BudgetBuddy */,
				CD385E742DDB215100AF81E6 /* BudgetBuddyTests */,
				CD385E7E2DDB215100AF81E6 /* BudgetBuddyUITests */,
			);
		};
/* End PBXProject section */

/* Begin PBXResourcesBuildPhase section */
		CD385E632DDB215000AF81E6 /* Resources */ = {
			isa = PBXResourcesBuildPhase;
			buildActionMask = 2147483647;
			files = (
			);
			runOnlyForDeploymentPostprocessing = 0;
		};
		CD385E732DDB215100AF81E6 /* Resources */ = {
			isa = PBXResourcesBuildPhase;
			buildActionMask = 2147483647;
			files = (
			);
			runOnlyForDeploymentPostprocessing = 0;
		};
		CD385E7D2DDB215100AF81E6 /* Resources */ = {
			isa = PBXResourcesBuildPhase;
			buildActionMask = 2147483647;
			files = (
			);
			runOnlyForDeploymentPostprocessing = 0;
		};
/* End PBXResourcesBuildPhase section */

/* Begin PBXSourcesBuildPhase section */
		CD385E612DDB215000AF81E6 /* Sources */ = {
			isa = PBXSourcesBuildPhase;
			buildActionMask = 2147483647;
			files = (
			);
			runOnlyForDeploymentPostprocessing = 0;
		};
		CD385E712DDB215100AF81E6 /* Sources */ = {
			isa = PBXSourcesBuildPhase;
			buildActionMask = 2147483647;
			files = (
			);
			runOnlyForDeploymentPostprocessing = 0;
		};
		CD385E7B2DDB215100AF81E6 /* Sources */ = {
			isa = PBXSourcesBuildPhase;
			buildActionMask = 2147483647;
			files = (
			);
			runOnlyForDeploymentPostprocessing = 0;
		};
/* End PBXSourcesBuildPhase section */

/* Begin PBXTargetDependency section */
		CD385E772DDB215100AF81E6 /* PBXTargetDependency */ = {
			isa = PBXTargetDependency;
			target = CD385E642DDB215000AF81E6 /* BudgetBuddy */;
			targetProxy = CD385E762DDB215100AF81E6 /* PBXContainerItemProxy */;
		};
		CD385E812DDB215100AF81E6 /* PBXTargetDependency */ = {
			isa = PBXTargetDependency;
			target = CD385E642DDB215000AF81E6 /* BudgetBuddy */;
			targetProxy = CD385E802DDB215100AF81E6 /* PBXContainerItemProxy */;
		};
/* End PBXTargetDependency section */

/* Begin XCBuildConfiguration section */
		CD385E872DDB215100AF81E6 /* Debug */ = {
			isa = XCBuildConfiguration;
			buildSettings = {
				ALWAYS_SEARCH_USER_PATHS = NO;
				ASSETCATALOG_COMPILER_GENERATE_SWIFT_ASSET_SYMBOL_EXTENSIONS = YES;
				CLANG_ANALYZER_NONNULL = YES;
				CLANG_ANALYZER_NUMBER_OBJECT_CONVERSION = YES_AGGRESSIVE;
				CLANG_CXX_LANGUAGE_STANDARD = "gnu++20";
				CLANG_ENABLE_MODULES = YES;
				CLANG_ENABLE_OBJC_ARC = YES;
				CLANG_ENABLE_OBJC_WEAK = YES;
				CLANG_WARN_BLOCK_CAPTURE_AUTORELEASING = YES;
				CLANG_WARN_BOOL_CONVERSION = YES;
				CLANG_WARN_COMMA = YES;
				CLANG_WARN_CONSTANT_CONVERSION = YES;
				CLANG_WARN_DEPRECATED_OBJC_IMPLEMENTATIONS = YES;
				CLANG_WARN_DIRECT_OBJC_ISA_USAGE = YES_ERROR;
				CLANG_WARN_DOCUMENTATION_COMMENTS = YES;
				CLANG_WARN_EMPTY_BODY = YES;
				CLANG_WARN_ENUM_CONVERSION = YES;
				CLANG_WARN_INFINITE_RECURSION = YES;
				CLANG_WARN_INT_CONVERSION = YES;
				CLANG_WARN_NON_LITERAL_NULL_CONVERSION = YES;
				CLANG_WARN_OBJC_IMPLICIT_RETAIN_SELF = YES;
				CLANG_WARN_OBJC_LITERAL_CONVERSION = YES;
				CLANG_WARN_OBJC_ROOT_CLASS = YES_ERROR;
				CLANG_WARN_QUOTED_INCLUDE_IN_FRAMEWORK_HEADER = YES;
				CLANG_WARN_RANGE_LOOP_ANALYSIS = YES;
				CLANG_WARN_STRICT_PROTOTYPES = YES;
				CLANG_WARN_SUSPICIOUS_MOVE = YES;
				CLANG_WARN_UNGUARDED_AVAILABILITY = YES_AGGRESSIVE;
				CLANG_WARN_UNREACHABLE_CODE = YES;
				CLANG_WARN__DUPLICATE_METHOD_MATCH = YES;
				COPY_PHASE_STRIP = NO;
				DEBUG_INFORMATION_FORMAT = dwarf;
				ENABLE_STRICT_OBJC_MSGSEND = YES;
				ENABLE_TESTABILITY = YES;
				ENABLE_USER_SCRIPT_SANDBOXING = YES;
				GCC_C_LANGUAGE_STANDARD = gnu17;
				GCC_DYNAMIC_NO_PIC = NO;
				GCC_NO_COMMON_BLOCKS = YES;
				GCC_OPTIMIZATION_LEVEL = 0;
				GCC_PREPROCESSOR_DEFINITIONS = (
					"DEBUG=1",
					"$(inherited)",
				);
				GCC_WARN_64_TO_32_BIT_CONVERSION = YES;
				GCC_WARN_ABOUT_RETURN_TYPE = YES_ERROR;
				GCC_WARN_UNDECLARED_SELECTOR = YES;
				GCC_WARN_UNINITIALIZED_AUTOS = YES_AGGRESSIVE;
				GCC_WARN_UNUSED_FUNCTION = YES;
				GCC_WARN_UNUSED_VARIABLE = YES;
				IPHONEOS_DEPLOYMENT_TARGET = 18.2;
				LOCALIZATION_PREFERS_STRING_CATALOGS = YES;
				MTL_ENABLE_DEBUG_INFO = INCLUDE_SOURCE;
				MTL_FAST_MATH = YES;
				ONLY_ACTIVE_ARCH = YES;
				SDKROOT = iphoneos;
				SWIFT_ACTIVE_COMPILATION_CONDITIONS = "DEBUG $(inherited)";
				SWIFT_OPTIMIZATION_LEVEL = "-Onone";
			};
			name = Debug;
		};
		CD385E882DDB215100AF81E6 /* Release */ = {
			isa = XCBuildConfiguration;
			buildSettings = {
				ALWAYS_SEARCH_USER_PATHS = NO;
				ASSETCATALOG_COMPILER_GENERATE_SWIFT_ASSET_SYMBOL_EXTENSIONS = YES;
				CLANG_ANALYZER_NONNULL = YES;
				CLANG_ANALYZER_NUMBER_OBJECT_CONVERSION = YES_AGGRESSIVE;
				CLANG_CXX_LANGUAGE_STANDARD = "gnu++20";
				CLANG_ENABLE_MODULES = YES;
				CLANG_ENABLE_OBJC_ARC = YES;
				CLANG_ENABLE_OBJC_WEAK = YES;
				CLANG_WARN_BLOCK_CAPTURE_AUTORELEASING = YES;
				CLANG_WARN_BOOL_CONVERSION = YES;
				CLANG_WARN_COMMA = YES;
				CLANG_WARN_CONSTANT_CONVERSION = YES;
				CLANG_WARN_DEPRECATED_OBJC_IMPLEMENTATIONS = YES;
				CLANG_WARN_DIRECT_OBJC_ISA_USAGE = YES_ERROR;
				CLANG_WARN_DOCUMENTATION_COMMENTS = YES;
				CLANG_WARN_EMPTY_BODY = YES;
				CLANG_WARN_ENUM_CONVERSION = YES;
				CLANG_WARN_INFINITE_RECURSION = YES;
				CLANG_WARN_INT_CONVERSION = YES;
				CLANG_WARN_NON_LITERAL_NULL_CONVERSION = YES;
				CLANG_WARN_OBJC_IMPLICIT_RETAIN_SELF = YES;
				CLANG_WARN_OBJC_LITERAL_CONVERSION = YES;
				CLANG_WARN_OBJC_ROOT_CLASS = YES_ERROR;
				CLANG_WARN_QUOTED_INCLUDE_IN_FRAMEWORK_HEADER = YES;
				CLANG_WARN_RANGE_LOOP_ANALYSIS = YES;
				CLANG_WARN_STRICT_PROTOTYPES = YES;
				CLANG_WARN_SUSPICIOUS_MOVE = YES;
				CLANG_WARN_UNGUARDED_AVAILABILITY = YES_AGGRESSIVE;
				CLANG_WARN_UNREACHABLE_CODE = YES;
				CLANG_WARN__DUPLICATE_METHOD_MATCH = YES;
				COPY_PHASE_STRIP = NO;
				DEBUG_INFORMATION_FORMAT = "dwarf-with-dsym";
				ENABLE_NS_ASSERTIONS = NO;
				ENABLE_STRICT_OBJC_MSGSEND = YES;
				ENABLE_USER_SCRIPT_SANDBOXING = YES;
				GCC_C_LANGUAGE_STANDARD = gnu17;
				GCC_NO_COMMON_BLOCKS = YES;
				GCC_WARN_64_TO_32_BIT_CONVERSION = YES;
				GCC_WARN_ABOUT_RETURN_TYPE = YES_ERROR;
				GCC_WARN_UNDECLARED_SELECTOR = YES;
				GCC_WARN_UNINITIALIZED_AUTOS = YES_AGGRESSIVE;
				GCC_WARN_UNUSED_FUNCTION = YES;
				GCC_WARN_UNUSED_VARIABLE = YES;
				IPHONEOS_DEPLOYMENT_TARGET = 18.2;
				LOCALIZATION_PREFERS_STRING_CATALOGS = YES;
				MTL_ENABLE_DEBUG_INFO = NO;
				MTL_FAST_MATH = YES;
				SDKROOT = iphoneos;
				SWIFT_COMPILATION_MODE = wholemodule;
				VALIDATE_PRODUCT = YES;
			};
			name = Release;
		};
		CD385E8A2DDB215100AF81E6 /* Debug */ = {
			isa = XCBuildConfiguration;
			buildSettings = {
				ASSETCATALOG_COMPILER_APPICON_NAME = AppIcon;
				ASSETCATALOG_COMPILER_GLOBAL_ACCENT_COLOR_NAME = AccentColor;
				CODE_SIGN_STYLE = Automatic;
				CURRENT_PROJECT_VERSION = 1;
				DEVELOPMENT_ASSET_PATHS = "\"BudgetBuddy/Preview Content\"";
				ENABLE_PREVIEWS = YES;
				GENERATE_INFOPLIST_FILE = YES;
				INFOPLIST_KEY_UIApplicationSceneManifest_Generation = YES;
				INFOPLIST_KEY_UIApplicationSupportsIndirectInputEvents = YES;
				INFOPLIST_KEY_UILaunchScreen_Generation = YES;
				INFOPLIST_KEY_UISupportedInterfaceOrientations_iPad = "UIInterfaceOrientationPortrait UIInterfaceOrientationPortraitUpsideDown UIInterfaceOrientationLandscapeLeft UIInterfaceOrientationLandscapeRight";
				INFOPLIST_KEY_UISupportedInterfaceOrientations_iPhone = "UIInterfaceOrientationPortrait UIInterfaceOrientationLandscapeLeft UIInterfaceOrientationLandscapeRight";
				LD_RUNPATH_SEARCH_PATHS = (
					"$(inherited)",
					"@executable_path/Frameworks",
				);
				MARKETING_VERSION = 1.0;
				PRODUCT_BUNDLE_IDENTIFIER = Basim.BudgetBuddy;
				PRODUCT_NAME = "$(TARGET_NAME)";
				SWIFT_EMIT_LOC_STRINGS = YES;
				SWIFT_VERSION = 5.0;
				TARGETED_DEVICE_FAMILY = "1,2";
			};
			name = Debug;
		};
		CD385E8B2DDB215100AF81E6 /* Release */ = {
			isa = XCBuildConfiguration;
			buildSettings = {
				ASSETCATALOG_COMPILER_APPICON_NAME = AppIcon;
				ASSETCATALOG_COMPILER_GLOBAL_ACCENT_COLOR_NAME = AccentColor;
				CODE_SIGN_STYLE = Automatic;
				CURRENT_PROJECT_VERSION = 1;
				DEVELOPMENT_ASSET_PATHS = "\"BudgetBuddy/Preview Content\"";
				ENABLE_PREVIEWS = YES;
				GENERATE_INFOPLIST_FILE = YES;
				INFOPLIST_KEY_UIApplicationSceneManifest_Generation = YES;
				INFOPLIST_KEY_UIApplicationSupportsIndirectInputEvents = YES;
				INFOPLIST_KEY_UILaunchScreen_Generation = YES;
				INFOPLIST_KEY_UISupportedInterfaceOrientations_iPad = "UIInterfaceOrientationPortrait UIInterfaceOrientationPortraitUpsideDown UIInterfaceOrientationLandscapeLeft UIInterfaceOrientationLandscapeRight";
				INFOPLIST_KEY_UISupportedInterfaceOrientations_iPhone = "UIInterfaceOrientationPortrait UIInterfaceOrientationLandscapeLeft UIInterfaceOrientationLandscapeRight";
				LD_RUNPATH_SEARCH_PATHS = (
					"$(inherited)",
					"@executable_path/Frameworks",
				);
				MARKETING_VERSION = 1.0;
				PRODUCT_BUNDLE_IDENTIFIER = Basim.BudgetBuddy;
				PRODUCT_NAME = "$(TARGET_NAME)";
				SWIFT_EMIT_LOC_STRINGS = YES;
				SWIFT_VERSION = 5.0;
				TARGETED_DEVICE_FAMILY = "1,2";
			};
			name = Release;
		};
		CD385E8D2DDB215100AF81E6 /* Debug */ = {
			isa = XCBuildConfiguration;
			buildSettings = {
				BUNDLE_LOADER = "$(TEST_HOST)";
				CODE_SIGN_STYLE = Automatic;
				CURRENT_PROJECT_VERSION = 1;
				GENERATE_INFOPLIST_FILE = YES;
				IPHONEOS_DEPLOYMENT_TARGET = 18.2;
				MARKETING_VERSION = 1.0;
				PRODUCT_BUNDLE_IDENTIFIER = Basim.BudgetBuddyTests;
				PRODUCT_NAME = "$(TARGET_NAME)";
				SWIFT_EMIT_LOC_STRINGS = NO;
				SWIFT_VERSION = 5.0;
				TARGETED_DEVICE_FAMILY = "1,2";
				TEST_HOST = "$(BUILT_PRODUCTS_DIR)/BudgetBuddy.app/$(BUNDLE_EXECUTABLE_FOLDER_PATH)/BudgetBuddy";
			};
			name = Debug;
		};
		CD385E8E2DDB215100AF81E6 /* Release */ = {
			isa = XCBuildConfiguration;
			buildSettings = {
				BUNDLE_LOADER = "$(TEST_HOST)";
				CODE_SIGN_STYLE = Automatic;
				CURRENT_PROJECT_VERSION = 1;
				GENERATE_INFOPLIST_FILE = YES;
				IPHONEOS_DEPLOYMENT_TARGET = 18.2;
				MARKETING_VERSION = 1.0;
				PRODUCT_BUNDLE_IDENTIFIER = Basim.BudgetBuddyTests;
				PRODUCT_NAME = "$(TARGET_NAME)";
				SWIFT_EMIT_LOC_STRINGS = NO;
				SWIFT_VERSION = 5.0;
				TARGETED_DEVICE_FAMILY = "1,2";
				TEST_HOST = "$(BUILT_PRODUCTS_DIR)/BudgetBuddy.app/$(BUNDLE_EXECUTABLE_FOLDER_PATH)/BudgetBuddy";
			};
			name = Release;
		};
		CD385E902DDB215100AF81E6 /* Debug */ = {
			isa = XCBuildConfiguration;
			buildSettings = {
				CODE_SIGN_STYLE = Automatic;
				CURRENT_PROJECT_VERSION = 1;
				GENERATE_INFOPLIST_FILE = YES;
				MARKETING_VERSION = 1.0;
				PRODUCT_BUNDLE_IDENTIFIER = Basim.BudgetBuddyUITests;
				PRODUCT_NAME = "$(TARGET_NAME)";
				SWIFT_EMIT_LOC_STRINGS = NO;
				SWIFT_VERSION = 5.0;
				TARGETED_DEVICE_FAMILY = "1,2";
				TEST_TARGET_NAME = BudgetBuddy;
			};
			name = Debug;
		};
		CD385E912DDB215100AF81E6 /* Release */ = {
			isa = XCBuildConfiguration;
			buildSettings = {
				CODE_SIGN_STYLE = Automatic;
				CURRENT_PROJECT_VERSION = 1;
				GENERATE_INFOPLIST_FILE = YES;
				MARKETING_VERSION = 1.0;
				PRODUCT_BUNDLE_IDENTIFIER = Basim.BudgetBuddyUITests;
				PRODUCT_NAME = "$(TARGET_NAME)";
				SWIFT_EMIT_LOC_STRINGS = NO;
				SWIFT_VERSION = 5.0;
				TARGETED_DEVICE_FAMILY = "1,2";
				TEST_TARGET_NAME = BudgetBuddy;
			};
			name = Release;
		};
/* End XCBuildConfiguration section */

/* Begin XCConfigurationList section */
		CD385E602DDB215000AF81E6 /* Build configuration list for PBXProject "BudgetBuddy" */ = {
			isa = XCConfigurationList;
			buildConfigurations = (
				CD385E872DDB215100AF81E6 /* Debug */,
				CD385E882DDB215100AF81E6 /* Release */,
			);
			defaultConfigurationIsVisible = 0;
			defaultConfigurationName = Release;
		};
		CD385E892DDB215100AF81E6 /* Build configuration list for PBXNativeTarget "BudgetBuddy" */ = {
			isa = XCConfigurationList;
			buildConfigurations = (
				CD385E8A2DDB215100AF81E6 /* Debug */,
				CD385E8B2DDB215100AF81E6 /* Release */,
			);
			defaultConfigurationIsVisible = 0;
			defaultConfigurationName = Release;
		};
		CD385E8C2DDB215100AF81E6 /* Build configuration list for PBXNativeTarget "BudgetBuddyTests" */ = {
			isa = XCConfigurationList;
			buildConfigurations = (
				CD385E8D2DDB215100AF81E6 /* Debug */,
				CD385E8E2DDB215100AF81E6 /* Release */,
			);
			defaultConfigurationIsVisible = 0;
			defaultConfigurationName = Release;
		};
		CD385E8F2DDB215100AF81E6 /* Build configuration list for PBXNativeTarget "BudgetBuddyUITests" */ = {
			isa = XCConfigurationList;
			buildConfigurations = (
				CD385E902DDB215100AF81E6 /* Debug */,
				CD385E912DDB215100AF81E6 /* Release */,
			);
			defaultConfigurationIsVisible = 0;
			defaultConfigurationName = Release;
		};
/* End XCConfigurationList section */

/* Begin XCRemoteSwiftPackageReference section */
		CD39BEBA2E3AE58D0015930B /* XCRemoteSwiftPackageReference "SwiftUIFontIcon" */ = {
			isa = XCRemoteSwiftPackageReference;
			repositoryURL = "https://github.com/huybuidac/SwiftUIFontIcon.git";
			requirement = {
				kind = upToNextMajorVersion;
				minimumVersion = 2.1.0;
			};
		};
		CD39BECC2E3C694F0015930B /* XCRemoteSwiftPackageReference "swift-collections" */ = {
			isa = XCRemoteSwiftPackageReference;
			repositoryURL = "https://github.com/apple/swift-collections.git";
			requirement = {
				kind = upToNextMajorVersion;
				minimumVersion = 1.2.1;
			};
		};
		CD39BEDB2E3C6A8C0015930B /* XCRemoteSwiftPackageReference "ChartView" */ = {
			isa = XCRemoteSwiftPackageReference;
			repositoryURL = "https://github.com/AppPear/ChartView.git";
			requirement = {
				kind = upToNextMajorVersion;
				minimumVersion = 1.5.5;
			};
		};
/* End XCRemoteSwiftPackageReference section */

/* Begin XCSwiftPackageProductDependency section */
		CD39BEBB2E3AE7E50015930B /* SwiftUIFontIcon */ = {
			isa = XCSwiftPackageProductDependency;
			package = CD39BEBA2E3AE58D0015930B /* XCRemoteSwiftPackageReference "SwiftUIFontIcon" */;
			productName = SwiftUIFontIcon;
		};
		CD39BECD2E3C69740015930B /* BitCollections */ = {
			isa = XCSwiftPackageProductDependency;
			package = CD39BECC2E3C694F0015930B /* XCRemoteSwiftPackageReference "swift-collections" */;
			productName = BitCollections;
		};
		CD39BECF2E3C69740015930B /* Collections */ = {
			isa = XCSwiftPackageProductDependency;
			package = CD39BECC2E3C694F0015930B /* XCRemoteSwiftPackageReference "swift-collections" */;
			productName = Collections;
		};
		CD39BED12E3C69740015930B /* DequeModule */ = {
			isa = XCSwiftPackageProductDependency;
			package = CD39BECC2E3C694F0015930B /* XCRemoteSwiftPackageReference "swift-collections" */;
			productName = DequeModule;
		};
		CD39BED32E3C69740015930B /* HashTreeCollections */ = {
			isa = XCSwiftPackageProductDependency;
			package = CD39BECC2E3C694F0015930B /* XCRemoteSwiftPackageReference "swift-collections" */;
			productName = HashTreeCollections;
		};
		CD39BED52E3C69740015930B /* HeapModule */ = {
			isa = XCSwiftPackageProductDependency;
			package = CD39BECC2E3C694F0015930B /* XCRemoteSwiftPackageReference "swift-collections" */;
			productName = HeapModule;
		};
		CD39BED72E3C69740015930B /* OrderedCollections */ = {
			isa = XCSwiftPackageProductDependency;
			package = CD39BECC2E3C694F0015930B /* XCRemoteSwiftPackageReference "swift-collections" */;
			productName = OrderedCollections;
		};
		CD39BED92E3C69740015930B /* _RopeModule */ = {
			isa = XCSwiftPackageProductDependency;
			package = CD39BECC2E3C694F0015930B /* XCRemoteSwiftPackageReference "swift-collections" */;
			productName = _RopeModule;
		};
		CD39BEDC2E3C6A8C0015930B /* SwiftUICharts */ = {
			isa = XCSwiftPackageProductDependency;
			package = CD39BEDB2E3C6A8C0015930B /* XCRemoteSwiftPackageReference "ChartView" */;
			productName = SwiftUICharts;
		};
/* End XCSwiftPackageProductDependency section */
	};
	rootObject = CD385E5D2DDB215000AF81E6 /* Project object */;
}
